
Microsoft Visual Studio Solution File, Format Version 12.00
# Visual Studio Version 16
VisualStudioVersion = 16.0.29806.167
MinimumVisualStudioVersion = 10.0.40219.1
Project("{9A19103F-16F7-4668-BE54-9A1E7A4F7556}") = "ToolPark", "ToolPark.csproj", "{D1A4B196-FA92-4822-8C25-07D53A2903EF}"
EndProject
Project("{FAE04EC0-301F-11D3-BF4B-00C04F79EFBC}") = "BLL", "..\BLL\BLL.csproj", "{A3C8AEB7-6C07-4F0A-B56D-A6FBEB931E51}"
EndProject
Project("{FAE04EC0-301F-11D3-BF4B-00C04F79EFBC}") = "Common", "..\Common\Common.csproj", "{84523782-6B12-4DAF-91CD-C42859D74A14}"
EndProject
Project("{FAE04EC0-301F-11D3-BF4B-00C04F79EFBC}") = "DAL", "..\DAL\DAL.csproj", "{16FBC3E5-3AE3-4C72-9D2C-45FE4AB43E39}"
EndProject
Global
	GlobalSection(SolutionConfigurationPlatforms) = preSolution
		Debug|Any CPU = Debug|Any CPU
		Release|Any CPU = Release|Any CPU
	EndGlobalSection
	GlobalSection(ProjectConfigurationPlatforms) = postSolution
		{D1A4B196-FA92-4822-8C25-07D53A2903EF}.Debug|Any CPU.ActiveCfg = Debug|Any CPU
		{D1A4B196-FA92-4822-8C25-07D53A2903EF}.Debug|Any CPU.Build.0 = Debug|Any CPU
		{D1A4B196-FA92-4822-8C25-07D53A2903EF}.Release|Any CPU.ActiveCfg = Release|Any CPU
		{D1A4B196-FA92-4822-8C25-07D53A2903EF}.Release|Any CPU.Build.0 = Release|Any CPU
		{A3C8AEB7-6C07-4F0A-B56D-A6FBEB931E51}.Debug|Any CPU.ActiveCfg = Debug|Any CPU
		{A3C8AEB7-6C07-4F0A-B56D-A6FBEB931E51}.Debug|Any CPU.Build.0 = Debug|Any CPU
		{A3C8AEB7-6C07-4F0A-B56D-A6FBEB931E51}.Release|Any CPU.ActiveCfg = Release|Any CPU
		{A3C8AEB7-6C07-4F0A-B56D-A6FBEB931E51}.Release|Any CPU.Build.0 = Release|Any CPU
		{84523782-6B12-4DAF-91CD-C42859D74A14}.Debug|Any CPU.ActiveCfg = Debug|Any CPU
		{84523782-6B12-4DAF-91CD-C42859D74A14}.Debug|Any CPU.Build.0 = Debug|Any CPU
		{84523782-6B12-4DAF-91CD-C42859D74A14}.Release|Any CPU.ActiveCfg = Release|Any CPU
		{84523782-6B12-4DAF-91CD-C42859D74A14}.Release|Any CPU.Build.0 = Release|Any CPU
		{16FBC3E5-3AE3-4C72-9D2C-45FE4AB43E39}.Debug|Any CPU.ActiveCfg = Debug|Any CPU
		{16FBC3E5-3AE3-4C72-9D2C-45FE4AB43E39}.Debug|Any CPU.Build.0 = Debug|Any CPU
		{16FBC3E5-3AE3-4C72-9D2C-45FE4AB43E39}.Release|Any CPU.ActiveCfg = Release|Any CPU
		{16FBC3E5-3AE3-4C72-9D2C-45FE4AB43E39}.Release|Any CPU.Build.0 = Release|Any CPU
	EndGlobalSection
	GlobalSection(SolutionProperties) = preSolution
		HideSolutionNode = FALSE
	EndGlobalSection
	GlobalSection(ExtensibilityGlobals) = postSolution
		SolutionGuid = {FEBD4BD6-299C-48F2-8D24-13F9B53219E2}
	EndGlobalSection
EndGlobal
