
Microsoft Visual Studio Solution File, Format Version 12.00
# Visual Studio Version 16
VisualStudioVersion = 16.0.29806.167
MinimumVisualStudioVersion = 10.0.40219.1
Project("{9A19103F-16F7-4668-BE54-9A1E7A4F7556}") = "BLL", "BLL\BLL.csproj", "{5824EF8E-A04D-41E3-9269-BDDE506FBE40}"
EndProject
Project("{9A19103F-16F7-4668-BE54-9A1E7A4F7556}") = "DAL", "DAL\DAL.csproj", "{A87D185E-034D-4ABE-BA5E-61D36D52ED4A}"
EndProject
Project("{9A19103F-16F7-4668-BE54-9A1E7A4F7556}") = "Common", "Common\Common.csproj", "{9B16EDB8-C18D-4A67-B20C-AC6DA92813D0}"
EndProject
Project("{9A19103F-16F7-4668-BE54-9A1E7A4F7556}") = "ToolPark", "Presentation\ToolPark.csproj", "{8FAF4793-54D0-471E-BFFC-A1A97B11FAB7}"
EndProject
Global
	GlobalSection(SolutionConfigurationPlatforms) = preSolution
		Debug|Any CPU = Debug|Any CPU
		Release|Any CPU = Release|Any CPU
	EndGlobalSection
	GlobalSection(ProjectConfigurationPlatforms) = postSolution
		{5824EF8E-A04D-41E3-9269-BDDE506FBE40}.Debug|Any CPU.ActiveCfg = Debug|Any CPU
		{5824EF8E-A04D-41E3-9269-BDDE506FBE40}.Debug|Any CPU.Build.0 = Debug|Any CPU
		{5824EF8E-A04D-41E3-9269-BDDE506FBE40}.Release|Any CPU.ActiveCfg = Release|Any CPU
		{5824EF8E-A04D-41E3-9269-BDDE506FBE40}.Release|Any CPU.Build.0 = Release|Any CPU
		{A87D185E-034D-4ABE-BA5E-61D36D52ED4A}.Debug|Any CPU.ActiveCfg = Debug|Any CPU
		{A87D185E-034D-4ABE-BA5E-61D36D52ED4A}.Debug|Any CPU.Build.0 = Debug|Any CPU
		{A87D185E-034D-4ABE-BA5E-61D36D52ED4A}.Release|Any CPU.ActiveCfg = Release|Any CPU
		{A87D185E-034D-4ABE-BA5E-61D36D52ED4A}.Release|Any CPU.Build.0 = Release|Any CPU
		{9B16EDB8-C18D-4A67-B20C-AC6DA92813D0}.Debug|Any CPU.ActiveCfg = Debug|Any CPU
		{9B16EDB8-C18D-4A67-B20C-AC6DA92813D0}.Debug|Any CPU.Build.0 = Debug|Any CPU
		{9B16EDB8-C18D-4A67-B20C-AC6DA92813D0}.Release|Any CPU.ActiveCfg = Release|Any CPU
		{9B16EDB8-C18D-4A67-B20C-AC6DA92813D0}.Release|Any CPU.Build.0 = Release|Any CPU
		{8FAF4793-54D0-471E-BFFC-A1A97B11FAB7}.Debug|Any CPU.ActiveCfg = Debug|Any CPU
		{8FAF4793-54D0-471E-BFFC-A1A97B11FAB7}.Debug|Any CPU.Build.0 = Debug|Any CPU
		{8FAF4793-54D0-471E-BFFC-A1A97B11FAB7}.Release|Any CPU.ActiveCfg = Release|Any CPU
		{8FAF4793-54D0-471E-BFFC-A1A97B11FAB7}.Release|Any CPU.Build.0 = Release|Any CPU
	EndGlobalSection
	GlobalSection(SolutionProperties) = preSolution
		HideSolutionNode = FALSE
	EndGlobalSection
	GlobalSection(ExtensibilityGlobals) = postSolution
		SolutionGuid = {FEBD4BD6-299C-48F2-8D24-13F9B53219E2}
	EndGlobalSection
EndGlobal
